// !$*UTF8*$!
{
	archiveVersion = 1;
	classes = {
	};
	objectVersion = 77;
	objects = {

/* Begin PBXBuildFile section */
		2C281E4F2E21F8BD0084BF70 /* WaterfallGrid in Frameworks */ = {isa = PBXBuildFile; productRef = 2C281E4E2E21F8BD0084BF70 /* WaterfallGrid */; };
		2C281E512E21F8C10084BF70 /* SDWebImageSwiftUI in Frameworks */ = {isa = PBXBuildFile; productRef = 2C281E502E21F8C10084BF70 /* SDWebImageSwiftUI */; };
/* End PBXBuildFile section */

/* Begin PBXContainerItemProxy section */
		2CA800CD2E21DA6300756697 /* PBXContainerItemProxy */ = {
			isa = PBXContainerItemProxy;
			containerPortal = 2CA800B62E21DA6300756697 /* Project object */;
			proxyType = 1;
			remoteGlobalIDString = 2CA800BD2E21DA6300756697;
			remoteInfo = "WallPaper App";
		};
		2CA800D72E21DA6300756697 /* PBXContainerItemProxy */ = {
			isa = PBXContainerItemProxy;
			containerPortal = 2CA800B62E21DA6300756697 /* Project object */;
			proxyType = 1;
			remoteGlobalIDString = 2CA800BD2E21DA6300756697;
			remoteInfo = "WallPaper App";
		};
/* End PBXContainerItemProxy section */

/* Begin PBXFileReference section */
		2CA800BE2E21DA6300756697 /* WallPaper App.app */ = {isa = PBXFileReference; explicitFileType = wrapper.application; includeInIndex = 0; path = "WallPaper App.app"; sourceTree = BUILT_PRODUCTS_DIR; };
		2CA800CC2E21DA6300756697 /* WallPaper AppTests.xctest */ = {isa = PBXFileReference; explicitFileType = wrapper.cfbundle; includeInIndex = 0; path = "WallPaper AppTests.xctest"; sourceTree = BUILT_PRODUCTS_DIR; };
		2CA800D62E21DA6300756697 /* WallPaper AppUITests.xctest */ = {isa = PBXFileReference; explicitFileType = wrapper.cfbundle; includeInIndex = 0; path = "WallPaper AppUITests.xctest"; sourceTree = BUILT_PRODUCTS_DIR; };
/* End PBXFileReference section */

/* Begin PBXFileSystemSynchronizedRootGroup section */
		2CA800C02E21DA6300756697 /* WallPaper App */ = {
			isa = PBXFileSystemSynchronizedRootGroup;
			path = "WallPaper App";
			sourceTree = "<group>";
		};
		2CA800CF2E21DA6300756697 /* WallPaper AppTests */ = {
			isa = PBXFileSystemSynchronizedRootGroup;
			path = "WallPaper AppTests";
			sourceTree = "<group>";
		};
		2CA800D92E21DA6300756697 /* WallPaper AppUITests */ = {
			isa = PBXFileSystemSynchronizedRootGroup;
			path = "WallPaper AppUITests";
			sourceTree = "<group>";
		};
/* End PBXFileSystemSynchronizedRootGroup section */

/* Begin PBXFrameworksBuildPhase section */
		2CA800BB2E21DA6300756697 /* Frameworks */ = {
			isa = PBXFrameworksBuildPhase;
			buildActionMask = 2147483647;
			files = (
				2C281E512E21F8C10084BF70 /* SDWebImageSwiftUI in Frameworks */,
				2C281E4F2E21F8BD0084BF70 /* WaterfallGrid in Frameworks */,
			);
			runOnlyForDeploymentPostprocessing = 0;
		};
		2CA800C92E21DA6300756697 /* Frameworks */ = {
			isa = PBXFrameworksBuildPhase;
			buildActionMask = 2147483647;
			files = (
			);
			runOnlyForDeploymentPostprocessing = 0;
		};
		2CA800D32E21DA6300756697 /* Frameworks */ = {
			isa = PBXFrameworksBuildPhase;
			buildActionMask = 2147483647;
			files = (
			);
			runOnlyForDeploymentPostprocessing = 0;
		};
/* End PBXFrameworksBuildPhase section */

/* Begin PBXGroup section */
		2C281E4D2E21F8BD0084BF70 /* Frameworks */ = {
			isa = PBXGroup;
			children = (
			);
			name = Frameworks;
			sourceTree = "<group>";
		};
		2CA800B52E21DA6300756697 = {
			isa = PBXGroup;
			children = (
				2CA800C02E21DA6300756697 /* WallPaper App */,
				2CA800CF2E21DA6300756697 /* WallPaper AppTests */,
				2CA800D92E21DA6300756697 /* WallPaper AppUITests */,
				2C281E4D2E21F8BD0084BF70 /* Frameworks */,
				2CA800BF2E21DA6300756697 /* Products */,
			);
			sourceTree = "<group>";
		};
		2CA800BF2E21DA6300756697 /* Products */ = {
			isa = PBXGroup;
			children = (
				2CA800BE2E21DA6300756697 /* WallPaper App.app */,
				2CA800CC2E21DA6300756697 /* WallPaper AppTests.xctest */,
				2CA800D62E21DA6300756697 /* WallPaper AppUITests.xctest */,
			);
			name = Products;
			sourceTree = "<group>";
		};
/* End PBXGroup section */

/* Begin PBXNativeTarget section */
		2CA800BD2E21DA6300756697 /* WallPaper App */ = {
			isa = PBXNativeTarget;
			buildConfigurationList = 2CA800E02E21DA6300756697 /* Build configuration list for PBXNativeTarget "WallPaper App" */;
			buildPhases = (
				2CA800BA2E21DA6300756697 /* Sources */,
				2CA800BB2E21DA6300756697 /* Frameworks */,
				2CA800BC2E21DA6300756697 /* Resources */,
			);
			buildRules = (
			);
			dependencies = (
			);
			fileSystemSynchronizedGroups = (
				2CA800C02E21DA6300756697 /* WallPaper App */,
			);
			name = "WallPaper App";
			packageProductDependencies = (
				2C281E4E2E21F8BD0084BF70 /* WaterfallGrid */,
				2C281E502E21F8C10084BF70 /* SDWebImageSwiftUI */,
			);
			productName = "WallPaper App";
			productReference = 2CA800BE2E21DA6300756697 /* WallPaper App.app */;
			productType = "com.apple.product-type.application";
		};
		2CA800CB2E21DA6300756697 /* WallPaper AppTests */ = {
			isa = PBXNativeTarget;
			buildConfigurationList = 2CA800E32E21DA6300756697 /* Build configuration list for PBXNativeTarget "WallPaper AppTests" */;
			buildPhases = (
				2CA800C82E21DA6300756697 /* Sources */,
				2CA800C92E21DA6300756697 /* Frameworks */,
				2CA800CA2E21DA6300756697 /* Resources */,
			);
			buildRules = (
			);
			dependencies = (
				2CA800CE2E21DA6300756697 /* PBXTargetDependency */,
			);
			fileSystemSynchronizedGroups = (
				2CA800CF2E21DA6300756697 /* WallPaper AppTests */,
			);
			name = "WallPaper AppTests";
			packageProductDependencies = (
			);
			productName = "WallPaper AppTests";
			productReference = 2CA800CC2E21DA6300756697 /* WallPaper AppTests.xctest */;
			productType = "com.apple.product-type.bundle.unit-test";
		};
		2CA800D52E21DA6300756697 /* WallPaper AppUITests */ = {
			isa = PBXNativeTarget;
			buildConfigurationList = 2CA800E62E21DA6300756697 /* Build configuration list for PBXNativeTarget "WallPaper AppUITests" */;
			buildPhases = (
				2CA800D22E21DA6300756697 /* Sources */,
				2CA800D32E21DA6300756697 /* Frameworks */,
				2CA800D42E21DA6300756697 /* Resources */,
			);
			buildRules = (
			);
			dependencies = (
				2CA800D82E21DA6300756697 /* PBXTargetDependency */,
			);
			fileSystemSynchronizedGroups = (
				2CA800D92E21DA6300756697 /* WallPaper AppUITests */,
			);
			name = "WallPaper AppUITests";
			packageProductDependencies = (
			);
			productName = "WallPaper AppUITests";
			productReference = 2CA800D62E21DA6300756697 /* WallPaper AppUITests.xctest */;
			productType = "com.apple.product-type.bundle.ui-testing";
		};
/* End PBXNativeTarget section */

/* Begin PBXProject section */
		2CA800B62E21DA6300756697 /* Project object */ = {
			isa = PBXProject;
			attributes = {
				BuildIndependentTargetsInParallel = 1;
				LastSwiftUpdateCheck = 1640;
				LastUpgradeCheck = 1640;
				TargetAttributes = {
					2CA800BD2E21DA6300756697 = {
						CreatedOnToolsVersion = 16.4;
					};
					2CA800CB2E21DA6300756697 = {
						CreatedOnToolsVersion = 16.4;
						TestTargetID = 2CA800BD2E21DA6300756697;
					};
					2CA800D52E21DA6300756697 = {
						CreatedOnToolsVersion = 16.4;
						TestTargetID = 2CA800BD2E21DA6300756697;
					};
				};
			};
			buildConfigurationList = 2CA800B92E21DA6300756697 /* Build configuration list for PBXProject "WallPaper App" */;
			developmentRegion = en;
			hasScannedForEncodings = 0;
			knownRegions = (
				en,
				Base,
			);
			mainGroup = 2CA800B52E21DA6300756697;
			minimizedProjectReferenceProxies = 1;
			packageReferences = (
				2CA801262E21F6C200756697 /* XCRemoteSwiftPackageReference "WaterfallGrid" */,
				2CA801272E21F6D300756697 /* XCRemoteSwiftPackageReference "SDWebImageSwiftUI" */,
			);
			preferredProjectObjectVersion = 77;
			productRefGroup = 2CA800BF2E21DA6300756697 /* Products */;
			projectDirPath = "";
			projectRoot = "";
			targets = (
				2CA800BD2E21DA6300756697 /* WallPaper App */,
				2CA800CB2E21DA6300756697 /* WallPaper AppTests */,
				2CA800D52E21DA6300756697 /* WallPaper AppUITests */,
			);
		};
/* End PBXProject section */

/* Begin PBXResourcesBuildPhase section */
		2CA800BC2E21DA6300756697 /* Resources */ = {
			isa = PBXResourcesBuildPhase;
			buildActionMask = 2147483647;
			files = (
			);
			runOnlyForDeploymentPostprocessing = 0;
		};
		2CA800CA2E21DA6300756697 /* Resources */ = {
			isa = PBXResourcesBuildPhase;
			buildActionMask = 2147483647;
			files = (
			);
			runOnlyForDeploymentPostprocessing = 0;
		};
		2CA800D42E21DA6300756697 /* Resources */ = {
			isa = PBXResourcesBuildPhase;
			buildActionMask = 2147483647;
			files = (
			);
			runOnlyForDeploymentPostprocessing = 0;
		};
/* End PBXResourcesBuildPhase section */

/* Begin PBXSourcesBuildPhase section */
		2CA800BA2E21DA6300756697 /* Sources */ = {
			isa = PBXSourcesBuildPhase;
			buildActionMask = 2147483647;
			files = (
			);
			runOnlyForDeploymentPostprocessing = 0;
		};
		2CA800C82E21DA6300756697 /* Sources */ = {
			isa = PBXSourcesBuildPhase;
			buildActionMask = 2147483647;
			files = (
			);
			runOnlyForDeploymentPostprocessing = 0;
		};
		2CA800D22E21DA6300756697 /* Sources */ = {
			isa = PBXSourcesBuildPhase;
			buildActionMask = 2147483647;
			files = (
			);
			runOnlyForDeploymentPostprocessing = 0;
		};
/* End PBXSourcesBuildPhase section */

/* Begin PBXTargetDependency section */
		2CA800CE2E21DA6300756697 /* PBXTargetDependency */ = {
			isa = PBXTargetDependency;
			target = 2CA800BD2E21DA6300756697 /* WallPaper App */;
			targetProxy = 2CA800CD2E21DA6300756697 /* PBXContainerItemProxy */;
		};
		2CA800D82E21DA6300756697 /* PBXTargetDependency */ = {
			isa = PBXTargetDependency;
			target = 2CA800BD2E21DA6300756697 /* WallPaper App */;
			targetProxy = 2CA800D72E21DA6300756697 /* PBXContainerItemProxy */;
		};
/* End PBXTargetDependency section */

/* Begin XCBuildConfiguration section */
		2CA800DE2E21DA6300756697 /* Debug */ = {
			isa = XCBuildConfiguration;
			buildSettings = {
				ALWAYS_SEARCH_USER_PATHS = NO;
				ASSETCATALOG_COMPILER_GENERATE_SWIFT_ASSET_SYMBOL_EXTENSIONS = YES;
				CLANG_ANALYZER_NONNULL = YES;
				CLANG_ANALYZER_NUMBER_OBJECT_CONVERSION = YES_AGGRESSIVE;
				CLANG_CXX_LANGUAGE_STANDARD = "gnu++20";
				CLANG_ENABLE_MODULES = YES;
				CLANG_ENABLE_OBJC_ARC = YES;
				CLANG_ENABLE_OBJC_WEAK = YES;
				CLANG_WARN_BLOCK_CAPTURE_AUTORELEASING = YES;
				CLANG_WARN_BOOL_CONVERSION = YES;
				CLANG_WARN_COMMA = YES;
				CLANG_WARN_CONSTANT_CONVERSION = YES;
				CLANG_WARN_DEPRECATED_OBJC_IMPLEMENTATIONS = YES;
				CLANG_WARN_DIRECT_OBJC_ISA_USAGE = YES_ERROR;
				CLANG_WARN_DOCUMENTATION_COMMENTS = YES;
				CLANG_WARN_EMPTY_BODY = YES;
				CLANG_WARN_ENUM_CONVERSION = YES;
				CLANG_WARN_INFINITE_RECURSION = YES;
				CLANG_WARN_INT_CONVERSION = YES;
				CLANG_WARN_NON_LITERAL_NULL_CONVERSION = YES;
				CLANG_WARN_OBJC_IMPLICIT_RETAIN_SELF = YES;
				CLANG_WARN_OBJC_LITERAL_CONVERSION = YES;
				CLANG_WARN_OBJC_ROOT_CLASS = YES_ERROR;
				CLANG_WARN_QUOTED_INCLUDE_IN_FRAMEWORK_HEADER = YES;
				CLANG_WARN_RANGE_LOOP_ANALYSIS = YES;
				CLANG_WARN_STRICT_PROTOTYPES = YES;
				CLANG_WARN_SUSPICIOUS_MOVE = YES;
				CLANG_WARN_UNGUARDED_AVAILABILITY = YES_AGGRESSIVE;
				CLANG_WARN_UNREACHABLE_CODE = YES;
				CLANG_WARN__DUPLICATE_METHOD_MATCH = YES;
				COPY_PHASE_STRIP = NO;
				DEBUG_INFORMATION_FORMAT = dwarf;
				ENABLE_STRICT_OBJC_MSGSEND = YES;
				ENABLE_TESTABILITY = YES;
				ENABLE_USER_SCRIPT_SANDBOXING = YES;
				GCC_C_LANGUAGE_STANDARD = gnu17;
				GCC_DYNAMIC_NO_PIC = NO;
				GCC_NO_COMMON_BLOCKS = YES;
				GCC_OPTIMIZATION_LEVEL = 0;
				GCC_PREPROCESSOR_DEFINITIONS = (
					"DEBUG=1",
					"$(inherited)",
				);
				GCC_WARN_64_TO_32_BIT_CONVERSION = YES;
				GCC_WARN_ABOUT_RETURN_TYPE = YES_ERROR;
				GCC_WARN_UNDECLARED_SELECTOR = YES;
				GCC_WARN_UNINITIALIZED_AUTOS = YES_AGGRESSIVE;
				GCC_WARN_UNUSED_FUNCTION = YES;
				GCC_WARN_UNUSED_VARIABLE = YES;
				LOCALIZATION_PREFERS_STRING_CATALOGS = YES;
				MTL_ENABLE_DEBUG_INFO = INCLUDE_SOURCE;
				MTL_FAST_MATH = YES;
				ONLY_ACTIVE_ARCH = YES;
				SWIFT_ACTIVE_COMPILATION_CONDITIONS = "DEBUG $(inherited)";
				SWIFT_OPTIMIZATION_LEVEL = "-Onone";
			};
			name = Debug;
		};
		2CA800DF2E21DA6300756697 /* Release */ = {
			isa = XCBuildConfiguration;
			buildSettings = {
				ALWAYS_SEARCH_USER_PATHS = NO;
				ASSETCATALOG_COMPILER_GENERATE_SWIFT_ASSET_SYMBOL_EXTENSIONS = YES;
				CLANG_ANALYZER_NONNULL = YES;
				CLANG_ANALYZER_NUMBER_OBJECT_CONVERSION = YES_AGGRESSIVE;
				CLANG_CXX_LANGUAGE_STANDARD = "gnu++20";
				CLANG_ENABLE_MODULES = YES;
				CLANG_ENABLE_OBJC_ARC = YES;
				CLANG_ENABLE_OBJC_WEAK = YES;
				CLANG_WARN_BLOCK_CAPTURE_AUTORELEASING = YES;
				CLANG_WARN_BOOL_CONVERSION = YES;
				CLANG_WARN_COMMA = YES;
				CLANG_WARN_CONSTANT_CONVERSION = YES;
				CLANG_WARN_DEPRECATED_OBJC_IMPLEMENTATIONS = YES;
				CLANG_WARN_DIRECT_OBJC_ISA_USAGE = YES_ERROR;
				CLANG_WARN_DOCUMENTATION_COMMENTS = YES;
				CLANG_WARN_EMPTY_BODY = YES;
				CLANG_WARN_ENUM_CONVERSION = YES;
				CLANG_WARN_INFINITE_RECURSION = YES;
				CLANG_WARN_INT_CONVERSION = YES;
				CLANG_WARN_NON_LITERAL_NULL_CONVERSION = YES;
				CLANG_WARN_OBJC_IMPLICIT_RETAIN_SELF = YES;
				CLANG_WARN_OBJC_LITERAL_CONVERSION = YES;
				CLANG_WARN_OBJC_ROOT_CLASS = YES_ERROR;
				CLANG_WARN_QUOTED_INCLUDE_IN_FRAMEWORK_HEADER = YES;
				CLANG_WARN_RANGE_LOOP_ANALYSIS = YES;
				CLANG_WARN_STRICT_PROTOTYPES = YES;
				CLANG_WARN_SUSPICIOUS_MOVE = YES;
				CLANG_WARN_UNGUARDED_AVAILABILITY = YES_AGGRESSIVE;
				CLANG_WARN_UNREACHABLE_CODE = YES;
				CLANG_WARN__DUPLICATE_METHOD_MATCH = YES;
				COPY_PHASE_STRIP = NO;
				DEBUG_INFORMATION_FORMAT = "dwarf-with-dsym";
				ENABLE_NS_ASSERTIONS = NO;
				ENABLE_STRICT_OBJC_MSGSEND = YES;
				ENABLE_USER_SCRIPT_SANDBOXING = YES;
				GCC_C_LANGUAGE_STANDARD = gnu17;
				GCC_NO_COMMON_BLOCKS = YES;
				GCC_WARN_64_TO_32_BIT_CONVERSION = YES;
				GCC_WARN_ABOUT_RETURN_TYPE = YES_ERROR;
				GCC_WARN_UNDECLARED_SELECTOR = YES;
				GCC_WARN_UNINITIALIZED_AUTOS = YES_AGGRESSIVE;
				GCC_WARN_UNUSED_FUNCTION = YES;
				GCC_WARN_UNUSED_VARIABLE = YES;
				LOCALIZATION_PREFERS_STRING_CATALOGS = YES;
				MTL_ENABLE_DEBUG_INFO = NO;
				MTL_FAST_MATH = YES;
				SWIFT_COMPILATION_MODE = wholemodule;
			};
			name = Release;
		};
		2CA800E12E21DA6300756697 /* Debug */ = {
			isa = XCBuildConfiguration;
			buildSettings = {
				ASSETCATALOG_COMPILER_APPICON_NAME = AppIcon;
				ASSETCATALOG_COMPILER_GLOBAL_ACCENT_COLOR_NAME = AccentColor;
				CODE_SIGN_ENTITLEMENTS = "WallPaper App/WallPaper_App.entitlements";
				CODE_SIGN_STYLE = Automatic;
				CURRENT_PROJECT_VERSION = 1;
				ENABLE_PREVIEWS = YES;
				GENERATE_INFOPLIST_FILE = YES;
				"INFOPLIST_KEY_UIApplicationSceneManifest_Generation[sdk=iphoneos*]" = YES;
				"INFOPLIST_KEY_UIApplicationSceneManifest_Generation[sdk=iphonesimulator*]" = YES;
				"INFOPLIST_KEY_UIApplicationSupportsIndirectInputEvents[sdk=iphoneos*]" = YES;
				"INFOPLIST_KEY_UIApplicationSupportsIndirectInputEvents[sdk=iphonesimulator*]" = YES;
				"INFOPLIST_KEY_UILaunchScreen_Generation[sdk=iphoneos*]" = YES;
				"INFOPLIST_KEY_UILaunchScreen_Generation[sdk=iphonesimulator*]" = YES;
				"INFOPLIST_KEY_UIStatusBarStyle[sdk=iphoneos*]" = UIStatusBarStyleDefault;
				"INFOPLIST_KEY_UIStatusBarStyle[sdk=iphonesimulator*]" = UIStatusBarStyleDefault;
				INFOPLIST_KEY_UISupportedInterfaceOrientations_iPad = "UIInterfaceOrientationPortrait UIInterfaceOrientationPortraitUpsideDown UIInterfaceOrientationLandscapeLeft UIInterfaceOrientationLandscapeRight";
				INFOPLIST_KEY_UISupportedInterfaceOrientations_iPhone = "UIInterfaceOrientationPortrait UIInterfaceOrientationLandscapeLeft UIInterfaceOrientationLandscapeRight";
				IPHONEOS_DEPLOYMENT_TARGET = 18.5;
				LD_RUNPATH_SEARCH_PATHS = "@executable_path/Frameworks";
				"LD_RUNPATH_SEARCH_PATHS[sdk=macosx*]" = "@executable_path/../Frameworks";
				MACOSX_DEPLOYMENT_TARGET = 15.5;
				MARKETING_VERSION = 1.0;
				PRODUCT_BUNDLE_IDENTIFIER = "Joe.WallPaper-App";
				PRODUCT_NAME = "$(TARGET_NAME)";
				REGISTER_APP_GROUPS = YES;
				SDKROOT = macosx;
				SUPPORTED_PLATFORMS = macosx;
				SWIFT_EMIT_LOC_STRINGS = YES;
				SWIFT_VERSION = 5.0;
				TARGETED_DEVICE_FAMILY = 2;
			};
			name = Debug;
		};
		2CA800E22E21DA6300756697 /* Release */ = {
			isa = XCBuildConfiguration;
			buildSettings = {
				ASSETCATALOG_COMPILER_APPICON_NAME = AppIcon;
				ASSETCATALOG_COMPILER_GLOBAL_ACCENT_COLOR_NAME = AccentColor;
				CODE_SIGN_ENTITLEMENTS = "WallPaper App/WallPaper_App.entitlements";
				CODE_SIGN_STYLE = Automatic;
				CURRENT_PROJECT_VERSION = 1;
				ENABLE_PREVIEWS = YES;
				GENERATE_INFOPLIST_FILE = YES;
				"INFOPLIST_KEY_UIApplicationSceneManifest_Generation[sdk=iphoneos*]" = YES;
				"INFOPLIST_KEY_UIApplicationSceneManifest_Generation[sdk=iphonesimulator*]" = YES;
				"INFOPLIST_KEY_UIApplicationSupportsIndirectInputEvents[sdk=iphoneos*]" = YES;
				"INFOPLIST_KEY_UIApplicationSupportsIndirectInputEvents[sdk=iphonesimulator*]" = YES;
				"INFOPLIST_KEY_UILaunchScreen_Generation[sdk=iphoneos*]" = YES;
				"INFOPLIST_KEY_UILaunchScreen_Generation[sdk=iphonesimulator*]" = YES;
				"INFOPLIST_KEY_UIStatusBarStyle[sdk=iphoneos*]" = UIStatusBarStyleDefault;
				"INFOPLIST_KEY_UIStatusBarStyle[sdk=iphonesimulator*]" = UIStatusBarStyleDefault;
				INFOPLIST_KEY_UISupportedInterfaceOrientations_iPad = "UIInterfaceOrientationPortrait UIInterfaceOrientationPortraitUpsideDown UIInterfaceOrientationLandscapeLeft UIInterfaceOrientationLandscapeRight";
				INFOPLIST_KEY_UISupportedInterfaceOrientations_iPhone = "UIInterfaceOrientationPortrait UIInterfaceOrientationLandscapeLeft UIInterfaceOrientationLandscapeRight";
				IPHONEOS_DEPLOYMENT_TARGET = 18.5;
				LD_RUNPATH_SEARCH_PATHS = "@executable_path/Frameworks";
				"LD_RUNPATH_SEARCH_PATHS[sdk=macosx*]" = "@executable_path/../Frameworks";
				MACOSX_DEPLOYMENT_TARGET = 15.5;
				MARKETING_VERSION = 1.0;
				PRODUCT_BUNDLE_IDENTIFIER = "Joe.WallPaper-App";
				PRODUCT_NAME = "$(TARGET_NAME)";
				REGISTER_APP_GROUPS = YES;
				SDKROOT = macosx;
				SUPPORTED_PLATFORMS = macosx;
				SWIFT_EMIT_LOC_STRINGS = YES;
				SWIFT_VERSION = 5.0;
				TARGETED_DEVICE_FAMILY = 2;
			};
			name = Release;
		};
		2CA800E42E21DA6300756697 /* Debug */ = {
			isa = XCBuildConfiguration;
			buildSettings = {
				BUNDLE_LOADER = "$(TEST_HOST)";
				CODE_SIGN_STYLE = Automatic;
				CURRENT_PROJECT_VERSION = 1;
				GENERATE_INFOPLIST_FILE = YES;
				IPHONEOS_DEPLOYMENT_TARGET = 18.5;
				MACOSX_DEPLOYMENT_TARGET = 15.5;
				MARKETING_VERSION = 1.0;
				PRODUCT_BUNDLE_IDENTIFIER = "Joe.WallPaper-AppTests";
				PRODUCT_NAME = "$(TARGET_NAME)";
				SDKROOT = macosx;
				SUPPORTED_PLATFORMS = macosx;
				SWIFT_EMIT_LOC_STRINGS = NO;
				SWIFT_VERSION = 5.0;
				TARGETED_DEVICE_FAMILY = 2;
				TEST_HOST = "$(BUILT_PRODUCTS_DIR)/WallPaper App.app/$(BUNDLE_EXECUTABLE_FOLDER_PATH)/WallPaper App";
			};
			name = Debug;
		};
		2CA800E52E21DA6300756697 /* Release */ = {
			isa = XCBuildConfiguration;
			buildSettings = {
				BUNDLE_LOADER = "$(TEST_HOST)";
				CODE_SIGN_STYLE = Automatic;
				CURRENT_PROJECT_VERSION = 1;
				GENERATE_INFOPLIST_FILE = YES;
				IPHONEOS_DEPLOYMENT_TARGET = 18.5;
				MACOSX_DEPLOYMENT_TARGET = 15.5;
				MARKETING_VERSION = 1.0;
				PRODUCT_BUNDLE_IDENTIFIER = "Joe.WallPaper-AppTests";
				PRODUCT_NAME = "$(TARGET_NAME)";
				SDKROOT = macosx;
				SUPPORTED_PLATFORMS = macosx;
				SWIFT_EMIT_LOC_STRINGS = NO;
				SWIFT_VERSION = 5.0;
				TARGETED_DEVICE_FAMILY = 2;
				TEST_HOST = "$(BUILT_PRODUCTS_DIR)/WallPaper App.app/$(BUNDLE_EXECUTABLE_FOLDER_PATH)/WallPaper App";
			};
			name = Release;
		};
		2CA800E72E21DA6300756697 /* Debug */ = {
			isa = XCBuildConfiguration;
			buildSettings = {
				CODE_SIGN_STYLE = Automatic;
				CURRENT_PROJECT_VERSION = 1;
				GENERATE_INFOPLIST_FILE = YES;
				IPHONEOS_DEPLOYMENT_TARGET = 18.5;
				MACOSX_DEPLOYMENT_TARGET = 15.5;
				MARKETING_VERSION = 1.0;
				PRODUCT_BUNDLE_IDENTIFIER = "Joe.WallPaper-AppUITests";
				PRODUCT_NAME = "$(TARGET_NAME)";
				SDKROOT = macosx;
				SUPPORTED_PLATFORMS = macosx;
				SWIFT_EMIT_LOC_STRINGS = NO;
				SWIFT_VERSION = 5.0;
				TARGETED_DEVICE_FAMILY = 2;
				TEST_TARGET_NAME = "WallPaper App";
			};
			name = Debug;
		};
		2CA800E82E21DA6300756697 /* Release */ = {
			isa = XCBuildConfiguration;
			buildSettings = {
				CODE_SIGN_STYLE = Automatic;
				CURRENT_PROJECT_VERSION = 1;
				GENERATE_INFOPLIST_FILE = YES;
				IPHONEOS_DEPLOYMENT_TARGET = 18.5;
				MACOSX_DEPLOYMENT_TARGET = 15.5;
				MARKETING_VERSION = 1.0;
				PRODUCT_BUNDLE_IDENTIFIER = "Joe.WallPaper-AppUITests";
				PRODUCT_NAME = "$(TARGET_NAME)";
				SDKROOT = macosx;
				SUPPORTED_PLATFORMS = macosx;
				SWIFT_EMIT_LOC_STRINGS = NO;
				SWIFT_VERSION = 5.0;
				TARGETED_DEVICE_FAMILY = 2;
				TEST_TARGET_NAME = "WallPaper App";
			};
			name = Release;
		};
/* End XCBuildConfiguration section */

/* Begin XCConfigurationList section */
		2CA800B92E21DA6300756697 /* Build configuration list for PBXProject "WallPaper App" */ = {
			isa = XCConfigurationList;
			buildConfigurations = (
				2CA800DE2E21DA6300756697 /* Debug */,
				2CA800DF2E21DA6300756697 /* Release */,
			);
			defaultConfigurationIsVisible = 0;
			defaultConfigurationName = Release;
		};
		2CA800E02E21DA6300756697 /* Build configuration list for PBXNativeTarget "WallPaper App" */ = {
			isa = XCConfigurationList;
			buildConfigurations = (
				2CA800E12E21DA6300756697 /* Debug */,
				2CA800E22E21DA6300756697 /* Release */,
			);
			defaultConfigurationIsVisible = 0;
			defaultConfigurationName = Release;
		};
		2CA800E32E21DA6300756697 /* Build configuration list for PBXNativeTarget "WallPaper AppTests" */ = {
			isa = XCConfigurationList;
			buildConfigurations = (
				2CA800E42E21DA6300756697 /* Debug */,
				2CA800E52E21DA6300756697 /* Release */,
			);
			defaultConfigurationIsVisible = 0;
			defaultConfigurationName = Release;
		};
		2CA800E62E21DA6300756697 /* Build configuration list for PBXNativeTarget "WallPaper AppUITests" */ = {
			isa = XCConfigurationList;
			buildConfigurations = (
				2CA800E72E21DA6300756697 /* Debug */,
				2CA800E82E21DA6300756697 /* Release */,
			);
			defaultConfigurationIsVisible = 0;
			defaultConfigurationName = Release;
		};
/* End XCConfigurationList section */

/* Begin XCRemoteSwiftPackageReference section */
		2CA801262E21F6C200756697 /* XCRemoteSwiftPackageReference "WaterfallGrid" */ = {
			isa = XCRemoteSwiftPackageReference;
			repositoryURL = "https://github.com/paololeonardi/WaterfallGrid";
			requirement = {
				kind = upToNextMajorVersion;
				minimumVersion = 1.1.0;
			};
		};
		2CA801272E21F6D300756697 /* XCRemoteSwiftPackageReference "SDWebImageSwiftUI" */ = {
			isa = XCRemoteSwiftPackageReference;
			repositoryURL = "https://github.com/SDWebImage/SDWebImageSwiftUI";
			requirement = {
				kind = upToNextMajorVersion;
				minimumVersion = 3.1.3;
			};
		};
/* End XCRemoteSwiftPackageReference section */

/* Begin XCSwiftPackageProductDependency section */
		2C281E4E2E21F8BD0084BF70 /* WaterfallGrid */ = {
			isa = XCSwiftPackageProductDependency;
			package = 2CA801262E21F6C200756697 /* XCRemoteSwiftPackageReference "WaterfallGrid" */;
			productName = WaterfallGrid;
		};
		2C281E502E21F8C10084BF70 /* SDWebImageSwiftUI */ = {
			isa = XCSwiftPackageProductDependency;
			package = 2CA801272E21F6D300756697 /* XCRemoteSwiftPackageReference "SDWebImageSwiftUI" */;
			productName = SDWebImageSwiftUI;
		};
/* End XCSwiftPackageProductDependency section */
	};
	rootObject = 2CA800B62E21DA6300756697 /* Project object */;
}
